{
  "version": 4,
  "terraform_version": "1.15.5",
  "serial": 112,
  "lineage": "de4703be-957e-70c4-38c3-ad9d6f028128",
  "outputs": {},
  "resources": [
    {
      "mode": "managed",
      "type": "helm_release",
      "name": "kube_prometheus_stack",
      "provider": "provider[\"registry.terraform.io/hashicorp/helm\"]",
      "instances": [
        {
          "status": "tainted",
          "schema_version": 1,
          "attributes": {
            "atomic": false,
            "chart": "kube-prometheus-stack",
            "cleanup_on_fail": false,
            "create_namespace": false,
            "dependency_update": false,
            "description": null,
            "devel": null,
            "disable_crd_hooks": false,
            "disable_openapi_validation": false,
            "disable_webhooks": false,
            "force_update": false,
            "id": "kube-prometheus-stack",
            "keyring": null,
            "lint": false,
            "manifest": null,
            "max_history": 0,
            "metadata": [
              {
                "app_version": "v0.91.0",
                "chart": "kube-prometheus-stack",
                "first_deployed": 1781990538,
                "last_deployed": 1781990538,
                "name": "kube-prometheus-stack",
                "namespace": "monitoring",
                "notes": "kube-state-metrics is a simple service that listens to the Kubernetes API server and generates metrics about the state of the objects.\nThe exposed metrics can be found here:\nhttps://github.com/kubernetes/kube-state-metrics/blob/master/docs/README.md#exposed-metrics\n\nThe metrics are exported on the HTTP endpoint /metrics on the listening port.\nIn your case, kube-prometheus-stack-kube-state-metrics.monitoring.svc.cluster.local:8080/metrics\n\nThey are served either as plaintext or protobuf depending on the Accept header.\nThey are designed to be consumed either by Prometheus itself or by a scraper that is compatible with scraping a Prometheus client endpoint.\n\n1. Get the application URL by running these commands:\n  export POD_NAME=$(kubectl get pods --namespace monitoring -l \"app.kubernetes.io/name=prometheus-node-exporter,app.kubernetes.io/instance=kube-prometheus-stack\" -o jsonpath=\"{.items[0].metadata.name}\")\n  echo \"Visit http://127.0.0.1:9100 to use your application\"\n  kubectl port-forward --namespace monitoring $POD_NAME 9100\nkube-prometheus-stack has been installed. Check its status by running:\n  kubectl --namespace monitoring get pods -l \"release=kube-prometheus-stack\"\n\nGet Grafana 'admin' user password by running:\n\n  kubectl --namespace monitoring get secrets kube-prometheus-stack-grafana -o jsonpath=\"{.data.admin-password}\" | base64 -d ; echo\n\nAccess Grafana local instance:\n\n  export POD_NAME=$(kubectl --namespace monitoring get pod -l \"app.kubernetes.io/name=grafana,app.kubernetes.io/instance=kube-prometheus-stack\" -oname)\n  kubectl --namespace monitoring port-forward $POD_NAME 3000\n\nGet your grafana admin user password by running:\n\n  kubectl get secret --namespace monitoring -l app.kubernetes.io/component=admin-secret -o jsonpath=\"{.items[0].data.admin-password}\" | base64 --decode ; echo\n\n\nVisit https://github.com/prometheus-operator/kube-prometheus for instructions on how to create \u0026 configure Alertmanager and Prometheus instances using the Operator.\n\n1. Get your 'admin' user password by running:\n\n   kubectl get secret --namespace monitoring kube-prometheus-stack-grafana -o jsonpath=\"{.data.admin-password}\" | base64 --decode ; echo\n\n\n2. The Grafana server can be accessed via port 80 on the following DNS name from within your cluster:\n\n   kube-prometheus-stack-grafana.monitoring.svc.cluster.local\n\n   Get the Grafana URL to visit by running these commands in the same shell:\n     export POD_NAME=$(kubectl get pods --namespace monitoring -l \"app.kubernetes.io/name=grafana,app.kubernetes.io/instance=kube-prometheus-stack\" -o jsonpath=\"{.items[0].metadata.name}\")\n     kubectl --namespace monitoring port-forward $POD_NAME 3000\n\n3. Login with the password from step 1 and the username: admin\n#################################################################################\n######   WARNING: Persistence is disabled!!! You will lose your data when   #####\n######            the Grafana pod is terminated.                            #####\n#################################################################################\n",
                "revision": 1,
                "values": "{\"grafana\":{\"adminPassword\":\"admin123\"}}",
                "version": "86.1.1"
              }
            ],
            "name": "kube-prometheus-stack",
            "namespace": "monitoring",
            "pass_credentials": false,
            "postrender": [],
            "recreate_pods": false,
            "render_subchart_notes": true,
            "replace": false,
            "repository": "https://prometheus-community.github.io/helm-charts",
            "repository_ca_file": null,
            "repository_cert_file": null,
            "repository_key_file": null,
            "repository_password": null,
            "repository_username": null,
            "reset_values": false,
            "reuse_values": false,
            "set": [
              {
                "name": "grafana.adminPassword",
                "type": "",
                "value": "admin123"
              }
            ],
            "set_list": [],
            "set_sensitive": [],
            "skip_crds": false,
            "status": "failed",
            "timeout": 300,
            "upgrade_install": null,
            "values": null,
            "verify": false,
            "version": "86.1.1",
            "wait": true,
            "wait_for_jobs": false
          },
          "sensitive_attributes": [
            [
              {
                "type": "get_attr",
                "value": "repository_password"
              }
            ],
            [
              {
                "type": "get_attr",
                "value": "set"
              }
            ]
          ],
          "identity_schema_version": 0,
          "private": "eyJzY2hlbWFfdmVyc2lvbiI6IjEifQ==",
          "dependencies": [
            "k3d_cluster.voteapp",
            "kubernetes_namespace.monitoring"
          ]
        }
      ]
    },
    {
      "mode": "managed",
      "type": "k3d_cluster",
      "name": "voteapp",
      "provider": "provider[\"registry.terraform.io/pvotal-tech/k3d\"]",
      "instances": [
        {
          "schema_version": 0,
          "attributes": {
            "agents": 2,
            "credentials": [
              {
                "client_certificate": "-----BEGIN CERTIFICATE-----\nMIIBkjCCATegAwIBAgIICUMSvyn4ikswCgYIKoZIzj0EAwIwIzEhMB8GA1UEAwwY\nazNzLWNsaWVudC1jYUAxNzgxOTkwNDU1MB4XDTI2MDYyMDIxMjA1NVoXDTI3MDYy\nMDIxMjA1NVowMDEXMBUGA1UEChMOc3lzdGVtOm1hc3RlcnMxFTATBgNVBAMTDHN5\nc3RlbTphZG1pbjBZMBMGByqGSM49AgEGCCqGSM49AwEHA0IABNwyQ7yWQhRf8Knk\nhKh+cbN3Q4V38R3DT6Coy8w4525a4AzMXGM8q7Qr4pkx8Xo+ZRMxiLp2i6BSZ4SI\ncwa90zSjSDBGMA4GA1UdDwEB/wQEAwIFoDATBgNVHSUEDDAKBggrBgEFBQcDAjAf\nBgNVHSMEGDAWgBSWK2U6KydrZliOf4MBjbX5+1kZgjAKBggqhkjOPQQDAgNJADBG\nAiEAqTZesKpZOfV/KkIfO1KPJ/ql1Rh24Yq8l7S01sQLUgQCIQDHbqMic+4d+Wc0\nb/QaPJ93kx4fAcG9yHqSslXP2/wZ2w==\n-----END CERTIFICATE-----\n-----BEGIN CERTIFICATE-----\nMIIBeDCCAR2gAwIBAgIBADAKBggqhkjOPQQDAjAjMSEwHwYDVQQDDBhrM3MtY2xp\nZW50LWNhQDE3ODE5OTA0NTUwHhcNMjYwNjIwMjEyMDU1WhcNMzYwNjE3MjEyMDU1\nWjAjMSEwHwYDVQQDDBhrM3MtY2xpZW50LWNhQDE3ODE5OTA0NTUwWTATBgcqhkjO\nPQIBBggqhkjOPQMBBwNCAARsq2iJ3Um2MdRXigtLvXs9VGLjYvu8+7AZF2E9ls/7\n2huf2AVRDFX26c5mpcB7czFv1EwCD41PFbCFcVRv5i5So0IwQDAOBgNVHQ8BAf8E\nBAMCAqQwDwYDVR0TAQH/BAUwAwEB/zAdBgNVHQ4EFgQUlitlOisna2ZYjn+DAY21\n+ftZGYIwCgYIKoZIzj0EAwIDSQAwRgIhAIAlHHOXtU+aM+ADteFGO0FunIbjjYv7\nASOJ0yogrt43AiEA3nhyHGNla2FxVvL+rse4GnRt37MttiAYzS7ZRUwqL5I=\n-----END CERTIFICATE-----\n",
                "client_key": "-----BEGIN EC PRIVATE KEY-----\nMHcCAQEEIJp7fEyWV75ObT66oc/4rXzb1sK4iHssABIdZMCLXejXoAoGCCqGSM49\nAwEHoUQDQgAE3DJDvJZCFF/wqeSEqH5xs3dDhXfxHcNPoKjLzDjnblrgDMxcYzyr\ntCvimTHxej5lEzGIunaLoFJnhIhzBr3TNA==\n-----END EC PRIVATE KEY-----\n",
                "cluster_ca_certificate": "-----BEGIN CERTIFICATE-----\nMIIBdzCCAR2gAwIBAgIBADAKBggqhkjOPQQDAjAjMSEwHwYDVQQDDBhrM3Mtc2Vy\ndmVyLWNhQDE3ODE5OTA0NTUwHhcNMjYwNjIwMjEyMDU1WhcNMzYwNjE3MjEyMDU1\nWjAjMSEwHwYDVQQDDBhrM3Mtc2VydmVyLWNhQDE3ODE5OTA0NTUwWTATBgcqhkjO\nPQIBBggqhkjOPQMBBwNCAAQ3EgtIdHLAwKu60xX9U7nH84AiB2XDxujFmtHgEITn\nEy9vWtDjeIE9EA8KxPtZVOKaWOeJDF/3GRAqQDjIeiV7o0IwQDAOBgNVHQ8BAf8E\nBAMCAqQwDwYDVR0TAQH/BAUwAwEB/zAdBgNVHQ4EFgQUqumwEIk35J+I1mY5rLE0\nOeRMN1owCgYIKoZIzj0EAwIDSAAwRQIgFbYCKuMYc5AuwthnjLM/tDUaukGnjEl/\nIG9q3MG4qoQCIQCgY1VpmtU098BR3q+0vOYRid1Iv7UUpS8HS1ng8z3aWA==\n-----END CERTIFICATE-----\n",
                "host": "https://0.0.0.0:44363",
                "raw": "apiVersion: v1\nclusters:\n- cluster:\n    certificate-authority-data: LS0tLS1CRUdJTiBDRVJUSUZJQ0FURS0tLS0tCk1JSUJkekNDQVIyZ0F3SUJBZ0lCQURBS0JnZ3Foa2pPUFFRREFqQWpNU0V3SHdZRFZRUUREQmhyTTNNdGMyVnkKZG1WeUxXTmhRREUzT0RFNU9UQTBOVFV3SGhjTk1qWXdOakl3TWpFeU1EVTFXaGNOTXpZd05qRTNNakV5TURVMQpXakFqTVNFd0h3WURWUVFEREJock0zTXRjMlZ5ZG1WeUxXTmhRREUzT0RFNU9UQTBOVFV3V1RBVEJnY3Foa2pPClBRSUJCZ2dxaGtqT1BRTUJCd05DQUFRM0VndElkSExBd0t1NjB4WDlVN25IODRBaUIyWER4dWpGbXRIZ0VJVG4KRXk5dld0RGplSUU5RUE4S3hQdFpWT0thV09lSkRGLzNHUkFxUURqSWVpVjdvMEl3UURBT0JnTlZIUThCQWY4RQpCQU1DQXFRd0R3WURWUjBUQVFIL0JBVXdBd0VCL3pBZEJnTlZIUTRFRmdRVXF1bXdFSWszNUorSTFtWTVyTEUwCk9lUk1OMW93Q2dZSUtvWkl6ajBFQXdJRFNBQXdSUUlnRmJZQ0t1TVljNUF1d3RobmpMTS90RFVhdWtHbmpFbC8KSUc5cTNNRzRxb1FDSVFDZ1kxVnBtdFUwOThCUjNxKzB2T1lSaWQxSXY3VVVwUzhIUzFuZzh6M2FXQT09Ci0tLS0tRU5EIENFUlRJRklDQVRFLS0tLS0K\n    server: https://0.0.0.0:44363\n  name: k3d-voteapp\ncontexts:\n- context:\n    cluster: k3d-voteapp\n    user: admin@k3d-voteapp\n  name: k3d-voteapp\ncurrent-context: k3d-voteapp\nkind: Config\npreferences: {}\nusers:\n- name: admin@k3d-voteapp\n  user:\n    client-certificate-data: LS0tLS1CRUdJTiBDRVJUSUZJQ0FURS0tLS0tCk1JSUJrakNDQVRlZ0F3SUJBZ0lJQ1VNU3Z5bjRpa3N3Q2dZSUtvWkl6ajBFQXdJd0l6RWhNQjhHQTFVRUF3d1kKYXpOekxXTnNhV1Z1ZEMxallVQXhOemd4T1Rrd05EVTFNQjRYRFRJMk1EWXlNREl4TWpBMU5Wb1hEVEkzTURZeQpNREl4TWpBMU5Wb3dNREVYTUJVR0ExVUVDaE1PYzNsemRHVnRPbTFoYzNSbGNuTXhGVEFUQmdOVkJBTVRESE41CmMzUmxiVHBoWkcxcGJqQlpNQk1HQnlxR1NNNDlBZ0VHQ0NxR1NNNDlBd0VIQTBJQUJOd3lRN3lXUWhSZjhLbmsKaEtoK2NiTjNRNFYzOFIzRFQ2Q295OHc0NTI1YTRBek1YR004cTdRcjRwa3g4WG8rWlJNeGlMcDJpNkJTWjRTSQpjd2E5MHpTalNEQkdNQTRHQTFVZER3RUIvd1FFQXdJRm9EQVRCZ05WSFNVRUREQUtCZ2dyQmdFRkJRY0RBakFmCkJnTlZIU01FR0RBV2dCU1dLMlU2S3lkclpsaU9mNE1CamJYNSsxa1pnakFLQmdncWhrak9QUVFEQWdOSkFEQkcKQWlFQXFUWmVzS3BaT2ZWL0trSWZPMUtQSi9xbDFSaDI0WXE4bDdTMDFzUUxVZ1FDSVFESGJxTWljKzRkK1djMApiL1FhUEo5M2t4NGZBY0c5eUhxU3NsWFAyL3daMnc9PQotLS0tLUVORCBDRVJUSUZJQ0FURS0tLS0tCi0tLS0tQkVHSU4gQ0VSVElGSUNBVEUtLS0tLQpNSUlCZURDQ0FSMmdBd0lCQWdJQkFEQUtCZ2dxaGtqT1BRUURBakFqTVNFd0h3WURWUVFEREJock0zTXRZMnhwClpXNTBMV05oUURFM09ERTVPVEEwTlRVd0hoY05Nall3TmpJd01qRXlNRFUxV2hjTk16WXdOakUzTWpFeU1EVTEKV2pBak1TRXdId1lEVlFRRERCaHJNM010WTJ4cFpXNTBMV05oUURFM09ERTVPVEEwTlRVd1dUQVRCZ2NxaGtqTwpQUUlCQmdncWhrak9QUU1CQndOQ0FBUnNxMmlKM1VtMk1kUlhpZ3RMdlhzOVZHTGpZdnU4KzdBWkYyRTlscy83CjJodWYyQVZSREZYMjZjNW1wY0I3Y3pGdjFFd0NENDFQRmJDRmNWUnY1aTVTbzBJd1FEQU9CZ05WSFE4QkFmOEUKQkFNQ0FxUXdEd1lEVlIwVEFRSC9CQVV3QXdFQi96QWRCZ05WSFE0RUZnUVVsaXRsT2lzbmEyWllqbitEQVkyMQorZnRaR1lJd0NnWUlLb1pJemowRUF3SURTUUF3UmdJaEFJQWxISE9YdFUrYU0rQUR0ZUZHTzBGdW5JYmpqWXY3CkFTT0oweW9ncnQ0M0FpRUEzbmh5SEdObGEyRnhWdkwrcnNlNEduUnQzN010dGlBWXpTN1pSVXdxTDVJPQotLS0tLUVORCBDRVJUSUZJQ0FURS0tLS0tCg==\n    client-key-data: LS0tLS1CRUdJTiBFQyBQUklWQVRFIEtFWS0tLS0tCk1IY0NBUUVFSUpwN2ZFeVdWNzVPYlQ2Nm9jLzRyWHpiMXNLNGlIc3NBQklkWk1DTFhlalhvQW9HQ0NxR1NNNDkKQXdFSG9VUURRZ0FFM0RKRHZKWkNGRi93cWVTRXFINXhzM2REaFhmeEhjTlBvS2pMekRqbmJscmdETXhjWXp5cgp0Q3ZpbVRIeGVqNWxFekdJdW5hTG9GSm5oSWh6QnIzVE5BPT0KLS0tLS1FTkQgRUMgUFJJVkFURSBLRVktLS0tLQo=\n"
              }
            ],
            "env": [],
            "id": "voteapp",
            "image": "rancher/k3s:v1.29.6-k3s2",
            "k3d": [],
            "k3s": [],
            "kube_api": [],
            "kubeconfig": [
              {
                "switch_current_context": true,
                "update_default_kubeconfig": true
              }
            ],
            "label": [],
            "name": "voteapp",
            "network": "k3d-voteapp",
            "port": [
              {
                "container_port": 80,
                "host": "",
                "host_port": 80,
                "node_filters": [
                  "loadbalancer"
                ],
                "protocol": ""
              },
              {
                "container_port": 443,
                "host": "",
                "host_port": 443,
                "node_filters": [
                  "loadbalancer"
                ],
                "protocol": ""
              }
            ],
            "registries": [],
            "runtime": [],
            "servers": 1,
            "token": "pgiQmkgFIduRTbBaiDNz",
            "volume": []
          },
          "sensitive_attributes": [
            [
              {
                "type": "get_attr",
                "value": "credentials"
              }
            ],
            [
              {
                "type": "get_attr",
                "value": "token"
              }
            ]
          ],
          "identity_schema_version": 0,
          "private": "bnVsbA=="
        }
      ]
    },
    {
      "mode": "managed",
      "type": "kubernetes_deployment_v1",
      "name": "db",
      "provider": "provider[\"registry.terraform.io/hashicorp/kubernetes\"]",
      "instances": [
        {
          "schema_version": 1,
          "attributes": {
            "id": "voteapp/db",
            "metadata": [
              {
                "annotations": null,
                "generate_name": "",
                "generation": 1,
                "labels": {
                  "app": "db"
                },
                "name": "db",
                "namespace": "voteapp",
                "resource_version": "853",
                "uid": "380b895d-2130-4747-b2d5-a78867b79ccc"
              }
            ],
            "spec": [
              {
                "min_ready_seconds": 0,
                "paused": false,
                "progress_deadline_seconds": 600,
                "replicas": "1",
                "revision_history_limit": 10,
                "selector": [
                  {
                    "match_expressions": [],
                    "match_labels": {
                      "app": "db"
                    }
                  }
                ],
                "strategy": [
                  {
                    "rolling_update": [
                      {
                        "max_surge": "25%",
                        "max_unavailable": "25%"
                      }
                    ],
                    "type": "RollingUpdate"
                  }
                ],
                "template": [
                  {
                    "metadata": [
                      {
                        "annotations": null,
                        "generate_name": "",
                        "generation": 0,
                        "labels": {
                          "app": "db"
                        },
                        "name": "",
                        "namespace": "",
                        "resource_version": "",
                        "uid": ""
                      }
                    ],
                    "spec": [
                      {
                        "active_deadline_seconds": 0,
                        "affinity": [],
                        "automount_service_account_token": true,
                        "container": [
                          {
                            "args": null,
                            "command": null,
                            "env": [],
                            "env_from": [
                              {
                                "config_map_ref": [],
                                "prefix": "",
                                "secret_ref": [
                                  {
                                    "name": "postgres-secret",
                                    "optional": false
                                  }
                                ]
                              }
                            ],
                            "image": "postgres:9.4",
                            "image_pull_policy": "IfNotPresent",
                            "lifecycle": [],
                            "liveness_probe": [],
                            "name": "postgres",
                            "port": [
                              {
                                "container_port": 5432,
                                "host_ip": "",
                                "host_port": 0,
                                "name": "",
                                "protocol": "TCP"
                              }
                            ],
                            "readiness_probe": [],
                            "resources": [
                              {
                                "limits": {},
                                "requests": {}
                              }
                            ],
                            "security_context": [],
                            "startup_probe": [],
                            "stdin": false,
                            "stdin_once": false,
                            "termination_message_path": "/dev/termination-log",
                            "termination_message_policy": "File",
                            "tty": false,
                            "volume_device": [],
                            "volume_mount": [
                              {
                                "mount_path": "/var/lib/postgresql/data",
                                "mount_propagation": "None",
                                "name": "postgres-storage",
                                "read_only": false,
                                "sub_path": "",
                                "sub_path_expr": ""
                              }
                            ],
                            "working_dir": ""
                          }
                        ],
                        "dns_config": [],
                        "dns_policy": "ClusterFirst",
                        "enable_service_links": true,
                        "host_aliases": [],
                        "host_ipc": false,
                        "host_network": false,
                        "host_pid": false,
                        "hostname": "",
                        "image_pull_secrets": [],
                        "init_container": [],
                        "node_name": "",
                        "node_selector": null,
                        "os": [],
                        "priority_class_name": "",
                        "readiness_gate": [],
                        "restart_policy": "Always",
                        "runtime_class_name": "",
                        "scheduler_name": "default-scheduler",
                        "security_context": [],
                        "service_account_name": "",
                        "share_process_namespace": false,
                        "subdomain": "",
                        "termination_grace_period_seconds": 30,
                        "toleration": [],
                        "topology_spread_constraint": [],
                        "volume": [
                          {
                            "aws_elastic_block_store": [],
                            "azure_disk": [],
                            "azure_file": [],
                            "ceph_fs": [],
                            "cinder": [],
                            "config_map": [],
                            "csi": [],
                            "downward_api": [],
                            "empty_dir": [
                              {
                                "medium": "",
                                "size_limit": ""
                              }
                            ],
                            "ephemeral": [],
                            "fc": [],
                            "flex_volume": [],
                            "flocker": [],
                            "gce_persistent_disk": [],
                            "git_repo": [],
                            "glusterfs": [],
                            "host_path": [],
                            "iscsi": [],
                            "local": [],
                            "name": "postgres-storage",
                            "nfs": [],
                            "persistent_volume_claim": [],
                            "photon_persistent_disk": [],
                            "projected": [],
                            "quobyte": [],
                            "rbd": [],
                            "secret": [],
                            "vsphere_volume": []
                          }
                        ]
                      }
                    ]
                  }
                ]
              }
            ],
            "timeouts": null,
            "wait_for_rollout": true
          },
          "sensitive_attributes": [],
          "identity_schema_version": 1,
          "identity": {
            "api_version": "apps/v1",
            "kind": "Deployment",
            "name": "db",
            "namespace": "voteapp"
          },
          "private": "eyJlMmJmYjczMC1lY2FhLTExZTYtOGY4OC0zNDM2M2JjN2M0YzAiOnsiY3JlYXRlIjo2MDAwMDAwMDAwMDAsImRlbGV0ZSI6NjAwMDAwMDAwMDAwLCJ1cGRhdGUiOjYwMDAwMDAwMDAwMH0sInNjaGVtYV92ZXJzaW9uIjoiMSJ9",
          "dependencies": [
            "k3d_cluster.voteapp",
            "kubernetes_namespace.voteapp",
            "kubernetes_persistent_volume_claim_v1.postgres",
            "kubernetes_secret_v1.postgres"
          ]
        }
      ]
    },
    {
      "mode": "managed",
      "type": "kubernetes_deployment_v1",
      "name": "redis",
      "provider": "provider[\"registry.terraform.io/hashicorp/kubernetes\"]",
      "instances": [
        {
          "schema_version": 1,
          "attributes": {
            "id": "voteapp/redis",
            "metadata": [
              {
                "annotations": null,
                "generate_name": "",
                "generation": 1,
                "labels": {
                  "app": "redis"
                },
                "name": "redis",
                "namespace": "voteapp",
                "resource_version": "750",
                "uid": "d3755e68-edb0-41f0-a339-bbb21d19cd6c"
              }
            ],
            "spec": [
              {
                "min_ready_seconds": 0,
                "paused": false,
                "progress_deadline_seconds": 600,
                "replicas": "1",
                "revision_history_limit": 10,
                "selector": [
                  {
                    "match_expressions": [],
                    "match_labels": {
                      "app": "redis"
                    }
                  }
                ],
                "strategy": [
                  {
                    "rolling_update": [
                      {
                        "max_surge": "25%",
                        "max_unavailable": "25%"
                      }
                    ],
                    "type": "RollingUpdate"
                  }
                ],
                "template": [
                  {
                    "metadata": [
                      {
                        "annotations": null,
                        "generate_name": "",
                        "generation": 0,
                        "labels": {
                          "app": "redis"
                        },
                        "name": "",
                        "namespace": "",
                        "resource_version": "",
                        "uid": ""
                      }
                    ],
                    "spec": [
                      {
                        "active_deadline_seconds": 0,
                        "affinity": [],
                        "automount_service_account_token": true,
                        "container": [
                          {
                            "args": null,
                            "command": null,
                            "env": [],
                            "env_from": [],
                            "image": "redis:alpine",
                            "image_pull_policy": "IfNotPresent",
                            "lifecycle": [],
                            "liveness_probe": [],
                            "name": "redis",
                            "port": [
                              {
                                "container_port": 6379,
                                "host_ip": "",
                                "host_port": 0,
                                "name": "",
                                "protocol": "TCP"
                              }
                            ],
                            "readiness_probe": [],
                            "resources": [
                              {
                                "limits": {},
                                "requests": {}
                              }
                            ],
                            "security_context": [],
                            "startup_probe": [],
                            "stdin": false,
                            "stdin_once": false,
                            "termination_message_path": "/dev/termination-log",
                            "termination_message_policy": "File",
                            "tty": false,
                            "volume_device": [],
                            "volume_mount": [],
                            "working_dir": ""
                          }
                        ],
                        "dns_config": [],
                        "dns_policy": "ClusterFirst",
                        "enable_service_links": true,
                        "host_aliases": [],
                        "host_ipc": false,
                        "host_network": false,
                        "host_pid": false,
                        "hostname": "",
                        "image_pull_secrets": [],
                        "init_container": [],
                        "node_name": "",
                        "node_selector": null,
                        "os": [],
                        "priority_class_name": "",
                        "readiness_gate": [],
                        "restart_policy": "Always",
                        "runtime_class_name": "",
                        "scheduler_name": "default-scheduler",
                        "security_context": [],
                        "service_account_name": "",
                        "share_process_namespace": false,
                        "subdomain": "",
                        "termination_grace_period_seconds": 30,
                        "toleration": [],
                        "topology_spread_constraint": [],
                        "volume": []
                      }
                    ]
                  }
                ]
              }
            ],
            "timeouts": null,
            "wait_for_rollout": true
          },
          "sensitive_attributes": [],
          "identity_schema_version": 1,
          "identity": {
            "api_version": "apps/v1",
            "kind": "Deployment",
            "name": "redis",
            "namespace": "voteapp"
          },
          "private": "eyJlMmJmYjczMC1lY2FhLTExZTYtOGY4OC0zNDM2M2JjN2M0YzAiOnsiY3JlYXRlIjo2MDAwMDAwMDAwMDAsImRlbGV0ZSI6NjAwMDAwMDAwMDAwLCJ1cGRhdGUiOjYwMDAwMDAwMDAwMH0sInNjaGVtYV92ZXJzaW9uIjoiMSJ9",
          "dependencies": [
            "k3d_cluster.voteapp",
            "kubernetes_namespace.voteapp"
          ]
        }
      ]
    },
    {
      "mode": "managed",
      "type": "kubernetes_job_v1",
      "name": "db_bootstrap",
      "provider": "provider[\"registry.terraform.io/hashicorp/kubernetes\"]",
      "instances": []
    },
    {
      "mode": "managed",
      "type": "kubernetes_namespace",
      "name": "monitoring",
      "provider": "provider[\"registry.terraform.io/hashicorp/kubernetes\"]",
      "instances": [
        {
          "index_key": 0,
          "schema_version": 0,
          "attributes": {
            "id": "monitoring",
            "metadata": [
              {
                "annotations": null,
                "generate_name": "",
                "generation": 0,
                "labels": null,
                "name": "monitoring",
                "resource_version": "566",
                "uid": "4f5f3b67-d32b-4b4a-afb6-2547ccd36c46"
              }
            ],
            "timeouts": null,
            "wait_for_default_service_account": false
          },
          "sensitive_attributes": [],
          "identity_schema_version": 1,
          "identity": {
            "api_version": "v1",
            "kind": "Namespace",
            "name": "monitoring"
          },
          "private": "eyJlMmJmYjczMC1lY2FhLTExZTYtOGY4OC0zNDM2M2JjN2M0YzAiOnsiZGVsZXRlIjozMDAwMDAwMDAwMDB9fQ==",
          "dependencies": [
            "k3d_cluster.voteapp"
          ]
        }
      ]
    },
    {
      "mode": "managed",
      "type": "kubernetes_namespace",
      "name": "voteapp",
      "provider": "provider[\"registry.terraform.io/hashicorp/kubernetes\"]",
      "instances": [
        {
          "index_key": 0,
          "schema_version": 0,
          "attributes": {
            "id": "voteapp",
            "metadata": [
              {
                "annotations": null,
                "generate_name": "",
                "generation": 0,
                "labels": {
                  "app": "vote-application"
                },
                "name": "voteapp",
                "resource_version": "565",
                "uid": "622dcbdf-1d0b-43e9-9ac4-fcbe2cad7779"
              }
            ],
            "timeouts": null,
            "wait_for_default_service_account": false
          },
          "sensitive_attributes": [],
          "identity_schema_version": 1,
          "identity": {
            "api_version": "v1",
            "kind": "Namespace",
            "name": "voteapp"
          },
          "private": "eyJlMmJmYjczMC1lY2FhLTExZTYtOGY4OC0zNDM2M2JjN2M0YzAiOnsiZGVsZXRlIjozMDAwMDAwMDAwMDB9fQ==",
          "dependencies": [
            "k3d_cluster.voteapp"
          ]
        }
      ]
    },
    {
      "mode": "managed",
      "type": "kubernetes_persistent_volume_claim_v1",
      "name": "postgres",
      "provider": "provider[\"registry.terraform.io/hashicorp/kubernetes\"]",
      "instances": []
    },
    {
      "mode": "managed",
      "type": "kubernetes_secret_v1",
      "name": "postgres",
      "provider": "provider[\"registry.terraform.io/hashicorp/kubernetes\"]",
      "instances": [
        {
          "schema_version": 0,
          "attributes": {
            "binary_data": null,
            "binary_data_wo": null,
            "binary_data_wo_revision": null,
            "data": {
              "POSTGRES_DB": "db",
              "POSTGRES_HOST_AUTH_METHOD": "trust"
            },
            "data_wo": null,
            "data_wo_revision": null,
            "id": "voteapp/postgres-secret",
            "immutable": false,
            "metadata": [
              {
                "annotations": null,
                "generate_name": "",
                "generation": 0,
                "labels": null,
                "name": "postgres-secret",
                "namespace": "voteapp",
                "resource_version": "577",
                "uid": "f30d0ec8-aa31-4935-a324-b58d5505c9d7"
              }
            ],
            "timeouts": null,
            "type": "Opaque",
            "wait_for_service_account_token": true
          },
          "sensitive_attributes": [
            [
              {
                "type": "get_attr",
                "value": "binary_data"
              }
            ],
            [
              {
                "type": "get_attr",
                "value": "data"
              }
            ]
          ],
          "identity_schema_version": 1,
          "identity": {
            "api_version": "v1",
            "kind": "Secret",
            "name": "postgres-secret",
            "namespace": "voteapp"
          },
          "private": "eyJlMmJmYjczMC1lY2FhLTExZTYtOGY4OC0zNDM2M2JjN2M0YzAiOnsiY3JlYXRlIjo2MDAwMDAwMDAwMH19",
          "dependencies": [
            "k3d_cluster.voteapp",
            "kubernetes_namespace.voteapp"
          ]
        }
      ]
    },
    {
      "mode": "managed",
      "type": "kubernetes_service_v1",
      "name": "db",
      "provider": "provider[\"registry.terraform.io/hashicorp/kubernetes\"]",
      "instances": [
        {
          "schema_version": 1,
          "attributes": {
            "id": "voteapp/db",
            "metadata": [
              {
                "annotations": null,
                "generate_name": "",
                "generation": 0,
                "labels": null,
                "name": "db",
                "namespace": "voteapp",
                "resource_version": "581",
                "uid": "5d166cf8-d12e-4b14-8557-208b229cd80a"
              }
            ],
            "spec": [
              {
                "allocate_load_balancer_node_ports": true,
                "cluster_ip": "10.43.116.103",
                "cluster_ips": [
                  "10.43.116.103"
                ],
                "external_ips": null,
                "external_name": "",
                "external_traffic_policy": "",
                "health_check_node_port": 0,
                "internal_traffic_policy": "Cluster",
                "ip_families": [
                  "IPv4"
                ],
                "ip_family_policy": "SingleStack",
                "load_balancer_class": "",
                "load_balancer_ip": "",
                "load_balancer_source_ranges": null,
                "port": [
                  {
                    "app_protocol": "",
                    "name": "",
                    "node_port": 0,
                    "port": 5432,
                    "protocol": "TCP",
                    "target_port": "5432"
                  }
                ],
                "publish_not_ready_addresses": false,
                "selector": {
                  "app": "db"
                },
                "session_affinity": "None",
                "session_affinity_config": [],
                "type": "ClusterIP"
              }
            ],
            "status": [
              {
                "load_balancer": [
                  {
                    "ingress": []
                  }
                ]
              }
            ],
            "timeouts": null,
            "wait_for_load_balancer": true
          },
          "sensitive_attributes": [],
          "identity_schema_version": 1,
          "identity": {
            "api_version": "v1",
            "kind": "Service",
            "name": "db",
            "namespace": "voteapp"
          },
          "private": "eyJlMmJmYjczMC1lY2FhLTExZTYtOGY4OC0zNDM2M2JjN2M0YzAiOnsiY3JlYXRlIjo2MDAwMDAwMDAwMDB9LCJzY2hlbWFfdmVyc2lvbiI6IjEifQ==",
          "dependencies": [
            "k3d_cluster.voteapp",
            "kubernetes_namespace.voteapp"
          ]
        }
      ]
    },
    {
      "mode": "managed",
      "type": "kubernetes_service_v1",
      "name": "redis",
      "provider": "provider[\"registry.terraform.io/hashicorp/kubernetes\"]",
      "instances": [
        {
          "schema_version": 1,
          "attributes": {
            "id": "voteapp/redis",
            "metadata": [
              {
                "annotations": null,
                "generate_name": "",
                "generation": 0,
                "labels": null,
                "name": "redis",
                "namespace": "voteapp",
                "resource_version": "579",
                "uid": "fbf7e078-ace2-4d82-a017-fa58462f84be"
              }
            ],
            "spec": [
              {
                "allocate_load_balancer_node_ports": true,
                "cluster_ip": "10.43.83.207",
                "cluster_ips": [
                  "10.43.83.207"
                ],
                "external_ips": null,
                "external_name": "",
                "external_traffic_policy": "",
                "health_check_node_port": 0,
                "internal_traffic_policy": "Cluster",
                "ip_families": [
                  "IPv4"
                ],
                "ip_family_policy": "SingleStack",
                "load_balancer_class": "",
                "load_balancer_ip": "",
                "load_balancer_source_ranges": null,
                "port": [
                  {
                    "app_protocol": "",
                    "name": "",
                    "node_port": 0,
                    "port": 6379,
                    "protocol": "TCP",
                    "target_port": "6379"
                  }
                ],
                "publish_not_ready_addresses": false,
                "selector": {
                  "app": "redis"
                },
                "session_affinity": "None",
                "session_affinity_config": [],
                "type": "ClusterIP"
              }
            ],
            "status": [
              {
                "load_balancer": [
                  {
                    "ingress": []
                  }
                ]
              }
            ],
            "timeouts": null,
            "wait_for_load_balancer": true
          },
          "sensitive_attributes": [],
          "identity_schema_version": 1,
          "identity": {
            "api_version": "v1",
            "kind": "Service",
            "name": "redis",
            "namespace": "voteapp"
          },
          "private": "eyJlMmJmYjczMC1lY2FhLTExZTYtOGY4OC0zNDM2M2JjN2M0YzAiOnsiY3JlYXRlIjo2MDAwMDAwMDAwMDB9LCJzY2hlbWFfdmVyc2lvbiI6IjEifQ==",
          "dependencies": [
            "k3d_cluster.voteapp",
            "kubernetes_namespace.voteapp"
          ]
        }
      ]
    }
  ],
  "check_results": null
}
