{
  "version": 4,
  "terraform_version": "1.15.5",
  "serial": 100,
  "lineage": "de4703be-957e-70c4-38c3-ad9d6f028128",
  "outputs": {},
  "resources": [
    {
      "mode": "managed",
      "type": "helm_release",
      "name": "kube_prometheus_stack",
      "provider": "provider[\"registry.terraform.io/hashicorp/helm\"]",
      "instances": [
        {
          "schema_version": 1,
          "attributes": {
            "atomic": false,
            "chart": "kube-prometheus-stack",
            "cleanup_on_fail": false,
            "create_namespace": false,
            "dependency_update": false,
            "description": "Install complete",
            "devel": null,
            "disable_crd_hooks": false,
            "disable_openapi_validation": false,
            "disable_webhooks": false,
            "force_update": false,
            "id": "kube-prometheus-stack",
            "keyring": null,
            "lint": false,
            "manifest": null,
            "max_history": 0,
            "metadata": [
              {
                "app_version": "v0.91.0",
                "chart": "kube-prometheus-stack",
                "first_deployed": 1780533463,
                "last_deployed": 1780533463,
                "name": "kube-prometheus-stack",
                "namespace": "monitoring",
                "notes": "kube-prometheus-stack has been installed. Check its status by running:\n  kubectl --namespace monitoring get pods -l \"release=kube-prometheus-stack\"\n\nGet Grafana 'admin' user password by running:\n\n  kubectl --namespace monitoring get secrets kube-prometheus-stack-grafana -o jsonpath=\"{.data.admin-password}\" | base64 -d ; echo\n\nAccess Grafana local instance:\n\n  export POD_NAME=$(kubectl --namespace monitoring get pod -l \"app.kubernetes.io/name=grafana,app.kubernetes.io/instance=kube-prometheus-stack\" -oname)\n  kubectl --namespace monitoring port-forward $POD_NAME 3000\n\nGet your grafana admin user password by running:\n\n  kubectl get secret --namespace monitoring -l app.kubernetes.io/component=admin-secret -o jsonpath=\"{.items[0].data.admin-password}\" | base64 --decode ; echo\n\n\nVisit https://github.com/prometheus-operator/kube-prometheus for instructions on how to create \u0026 configure Alertmanager and Prometheus instances using the Operator.\n",
                "revision": 1,
                "values": "{\"grafana\":{\"adminPassword\":\"admin123\"}}",
                "version": "86.1.1"
              }
            ],
            "name": "kube-prometheus-stack",
            "namespace": "monitoring",
            "pass_credentials": false,
            "postrender": [],
            "recreate_pods": false,
            "render_subchart_notes": true,
            "replace": false,
            "repository": null,
            "repository_ca_file": null,
            "repository_cert_file": null,
            "repository_key_file": null,
            "repository_password": null,
            "repository_username": null,
            "reset_values": false,
            "reuse_values": false,
            "set": [],
            "set_list": [],
            "set_sensitive": [],
            "skip_crds": false,
            "status": "deployed",
            "timeout": 300,
            "upgrade_install": null,
            "values": null,
            "verify": false,
            "version": "86.1.1",
            "wait": true,
            "wait_for_jobs": false
          },
          "sensitive_attributes": [
            [
              {
                "type": "get_attr",
                "value": "repository_password"
              }
            ]
          ],
          "identity_schema_version": 0,
          "private": "eyJzY2hlbWFfdmVyc2lvbiI6IjEifQ=="
        }
      ]
    },
    {
      "mode": "managed",
      "type": "k3d_cluster",
      "name": "voteapp",
      "provider": "provider[\"registry.terraform.io/pvotal-tech/k3d\"]",
      "instances": [
        {
          "schema_version": 0,
          "attributes": {
            "agents": 2,
            "credentials": [
              {
                "client_certificate": "-----BEGIN CERTIFICATE-----\nMIIBkTCCATegAwIBAgIIb+f780Ek3QAwCgYIKoZIzj0EAwIwIzEhMB8GA1UEAwwY\nazNzLWNsaWVudC1jYUAxNzgwNTI5NzU5MB4XDTI2MDYwMzIzMzU1OVoXDTI3MDYw\nMzIzMzU1OVowMDEXMBUGA1UEChMOc3lzdGVtOm1hc3RlcnMxFTATBgNVBAMTDHN5\nc3RlbTphZG1pbjBZMBMGByqGSM49AgEGCCqGSM49AwEHA0IABNgA64fcpGR26mgJ\nFPF2oQSd5eMrqmOz8lu/YHGOdbDfaUbVraNmg8zom0+/rxVdcYVE+hlmAIANRb7a\nKYdzKd6jSDBGMA4GA1UdDwEB/wQEAwIFoDATBgNVHSUEDDAKBggrBgEFBQcDAjAf\nBgNVHSMEGDAWgBQZDOdu3hcRiuL9DkzkX/h1RN01ujAKBggqhkjOPQQDAgNIADBF\nAiA7Gk4sDUmP/HSvyL7fa1P7d0LjutnWx2QMUou0tNaC6wIhAMSvQA3vv78ljNQo\nMs9Kb7tuPIcSoMSLUTlmwCZPQF9Q\n-----END CERTIFICATE-----\n-----BEGIN CERTIFICATE-----\nMIIBdzCCAR2gAwIBAgIBADAKBggqhkjOPQQDAjAjMSEwHwYDVQQDDBhrM3MtY2xp\nZW50LWNhQDE3ODA1Mjk3NTkwHhcNMjYwNjAzMjMzNTU5WhcNMzYwNTMxMjMzNTU5\nWjAjMSEwHwYDVQQDDBhrM3MtY2xpZW50LWNhQDE3ODA1Mjk3NTkwWTATBgcqhkjO\nPQIBBggqhkjOPQMBBwNCAAR9N35S4Kv0Na4QwP6bI4yDYlVnpYcJce2hqHzFWC7L\nLoIzMb5MTHdYeOKZJoEi0t7AfuPqvMcVzWoYVbO6zRKMo0IwQDAOBgNVHQ8BAf8E\nBAMCAqQwDwYDVR0TAQH/BAUwAwEB/zAdBgNVHQ4EFgQUGQznbt4XEYri/Q5M5F/4\ndUTdNbowCgYIKoZIzj0EAwIDSAAwRQIhAPW/SvOR2Yxk9uplh0Gx9kgoj7L3fw2z\n4zA2QefU3i0FAiA1ZK7XJ2BZhqGJ++3wfnIO0iiGjoKHxtxpNCsIXxY3ug==\n-----END CERTIFICATE-----\n",
                "client_key": "-----BEGIN EC PRIVATE KEY-----\nMHcCAQEEIJ9fK/LbmaNGotYZsDd8E5V8iqJx3I3JyIy0CtARCbgjoAoGCCqGSM49\nAwEHoUQDQgAE2ADrh9ykZHbqaAkU8XahBJ3l4yuqY7PyW79gcY51sN9pRtWto2aD\nzOibT7+vFV1xhUT6GWYAgA1Fvtoph3Mp3g==\n-----END EC PRIVATE KEY-----\n",
                "cluster_ca_certificate": "-----BEGIN CERTIFICATE-----\nMIIBdjCCAR2gAwIBAgIBADAKBggqhkjOPQQDAjAjMSEwHwYDVQQDDBhrM3Mtc2Vy\ndmVyLWNhQDE3ODA1Mjk3NTkwHhcNMjYwNjAzMjMzNTU5WhcNMzYwNTMxMjMzNTU5\nWjAjMSEwHwYDVQQDDBhrM3Mtc2VydmVyLWNhQDE3ODA1Mjk3NTkwWTATBgcqhkjO\nPQIBBggqhkjOPQMBBwNCAATSTr2hc2Yen1+QSqGy0tCPA5GDynowD2Qgp4puY+7d\n7050q9kX1nF2tR6cFAWmMBTz/Wuh1UkXzdDeLgRoCrk5o0IwQDAOBgNVHQ8BAf8E\nBAMCAqQwDwYDVR0TAQH/BAUwAwEB/zAdBgNVHQ4EFgQUR6LDnTJrt2sy/7ZjvtsP\nPCtnSvQwCgYIKoZIzj0EAwIDRwAwRAIgIhep6YQ8RUxzFsedn76vY66BOLCPGuUu\nb83wND2Sg7UCIDnwsXA739juOfCxhPEHtbyqjW4APbpz79YWtONqrjFy\n-----END CERTIFICATE-----\n",
                "host": "https://0.0.0.0:35161",
                "raw": "apiVersion: v1\nclusters:\n- cluster:\n    certificate-authority-data: LS0tLS1CRUdJTiBDRVJUSUZJQ0FURS0tLS0tCk1JSUJkakNDQVIyZ0F3SUJBZ0lCQURBS0JnZ3Foa2pPUFFRREFqQWpNU0V3SHdZRFZRUUREQmhyTTNNdGMyVnkKZG1WeUxXTmhRREUzT0RBMU1qazNOVGt3SGhjTk1qWXdOakF6TWpNek5UVTVXaGNOTXpZd05UTXhNak16TlRVNQpXakFqTVNFd0h3WURWUVFEREJock0zTXRjMlZ5ZG1WeUxXTmhRREUzT0RBMU1qazNOVGt3V1RBVEJnY3Foa2pPClBRSUJCZ2dxaGtqT1BRTUJCd05DQUFUU1RyMmhjMlllbjErUVNxR3kwdENQQTVHRHlub3dEMlFncDRwdVkrN2QKNzA1MHE5a1gxbkYydFI2Y0ZBV21NQlR6L1d1aDFVa1h6ZERlTGdSb0NyazVvMEl3UURBT0JnTlZIUThCQWY4RQpCQU1DQXFRd0R3WURWUjBUQVFIL0JBVXdBd0VCL3pBZEJnTlZIUTRFRmdRVVI2TERuVEpydDJzeS83Wmp2dHNQClBDdG5TdlF3Q2dZSUtvWkl6ajBFQXdJRFJ3QXdSQUlnSWhlcDZZUThSVXh6RnNlZG43NnZZNjZCT0xDUEd1VXUKYjgzd05EMlNnN1VDSURud3NYQTczOWp1T2ZDeGhQRUh0Ynlxalc0QVBicHo3OVlXdE9OcXJqRnkKLS0tLS1FTkQgQ0VSVElGSUNBVEUtLS0tLQo=\n    server: https://0.0.0.0:35161\n  name: k3d-voteapp\ncontexts:\n- context:\n    cluster: k3d-voteapp\n    user: admin@k3d-voteapp\n  name: k3d-voteapp\ncurrent-context: k3d-voteapp\nkind: Config\npreferences: {}\nusers:\n- name: admin@k3d-voteapp\n  user:\n    client-certificate-data: LS0tLS1CRUdJTiBDRVJUSUZJQ0FURS0tLS0tCk1JSUJrVENDQVRlZ0F3SUJBZ0lJYitmNzgwRWszUUF3Q2dZSUtvWkl6ajBFQXdJd0l6RWhNQjhHQTFVRUF3d1kKYXpOekxXTnNhV1Z1ZEMxallVQXhOemd3TlRJNU56VTVNQjRYRFRJMk1EWXdNekl6TXpVMU9Wb1hEVEkzTURZdwpNekl6TXpVMU9Wb3dNREVYTUJVR0ExVUVDaE1PYzNsemRHVnRPbTFoYzNSbGNuTXhGVEFUQmdOVkJBTVRESE41CmMzUmxiVHBoWkcxcGJqQlpNQk1HQnlxR1NNNDlBZ0VHQ0NxR1NNNDlBd0VIQTBJQUJOZ0E2NGZjcEdSMjZtZ0oKRlBGMm9RU2Q1ZU1ycW1PejhsdS9ZSEdPZGJEZmFVYlZyYU5tZzh6b20wKy9yeFZkY1lWRStobG1BSUFOUmI3YQpLWWR6S2Q2alNEQkdNQTRHQTFVZER3RUIvd1FFQXdJRm9EQVRCZ05WSFNVRUREQUtCZ2dyQmdFRkJRY0RBakFmCkJnTlZIU01FR0RBV2dCUVpET2R1M2hjUml1TDlEa3prWC9oMVJOMDF1akFLQmdncWhrak9QUVFEQWdOSUFEQkYKQWlBN0drNHNEVW1QL0hTdnlMN2ZhMVA3ZDBManV0bld4MlFNVW91MHROYUM2d0loQU1TdlFBM3Z2Nzhsak5RbwpNczlLYjd0dVBJY1NvTVNMVVRsbXdDWlBRRjlRCi0tLS0tRU5EIENFUlRJRklDQVRFLS0tLS0KLS0tLS1CRUdJTiBDRVJUSUZJQ0FURS0tLS0tCk1JSUJkekNDQVIyZ0F3SUJBZ0lCQURBS0JnZ3Foa2pPUFFRREFqQWpNU0V3SHdZRFZRUUREQmhyTTNNdFkyeHAKWlc1MExXTmhRREUzT0RBMU1qazNOVGt3SGhjTk1qWXdOakF6TWpNek5UVTVXaGNOTXpZd05UTXhNak16TlRVNQpXakFqTVNFd0h3WURWUVFEREJock0zTXRZMnhwWlc1MExXTmhRREUzT0RBMU1qazNOVGt3V1RBVEJnY3Foa2pPClBRSUJCZ2dxaGtqT1BRTUJCd05DQUFSOU4zNVM0S3YwTmE0UXdQNmJJNHlEWWxWbnBZY0pjZTJocUh6RldDN0wKTG9Jek1iNU1USGRZZU9LWkpvRWkwdDdBZnVQcXZNY1Z6V29ZVmJPNnpSS01vMEl3UURBT0JnTlZIUThCQWY4RQpCQU1DQXFRd0R3WURWUjBUQVFIL0JBVXdBd0VCL3pBZEJnTlZIUTRFRmdRVUdRem5idDRYRVlyaS9RNU01Ri80CmRVVGROYm93Q2dZSUtvWkl6ajBFQXdJRFNBQXdSUUloQVBXL1N2T1IyWXhrOXVwbGgwR3g5a2dvajdMM2Z3MnoKNHpBMlFlZlUzaTBGQWlBMVpLN1hKMkJaaHFHSisrM3dmbklPMGlpR2pvS0h4dHhwTkNzSVh4WTN1Zz09Ci0tLS0tRU5EIENFUlRJRklDQVRFLS0tLS0K\n    client-key-data: LS0tLS1CRUdJTiBFQyBQUklWQVRFIEtFWS0tLS0tCk1IY0NBUUVFSUo5ZksvTGJtYU5Hb3RZWnNEZDhFNVY4aXFKeDNJM0p5SXkwQ3RBUkNiZ2pvQW9HQ0NxR1NNNDkKQXdFSG9VUURRZ0FFMkFEcmg5eWtaSGJxYUFrVThYYWhCSjNsNHl1cVk3UHlXNzlnY1k1MXNOOXBSdFd0bzJhRAp6T2liVDcrdkZWMXhoVVQ2R1dZQWdBMUZ2dG9waDNNcDNnPT0KLS0tLS1FTkQgRUMgUFJJVkFURSBLRVktLS0tLQo=\n"
              }
            ],
            "env": [],
            "id": "voteapp",
            "image": "rancher/k3s:v1.29.6-k3s2",
            "k3d": [],
            "k3s": [],
            "kube_api": [],
            "kubeconfig": [
              {
                "switch_current_context": true,
                "update_default_kubeconfig": true
              }
            ],
            "label": [],
            "name": "voteapp",
            "network": "k3d-voteapp",
            "port": [
              {
                "container_port": 80,
                "host": "",
                "host_port": 80,
                "node_filters": [
                  "loadbalancer"
                ],
                "protocol": ""
              },
              {
                "container_port": 443,
                "host": "",
                "host_port": 443,
                "node_filters": [
                  "loadbalancer"
                ],
                "protocol": ""
              }
            ],
            "registries": [],
            "runtime": [],
            "servers": 1,
            "token": "xXRcGdycWprQwwsDxAzF",
            "volume": []
          },
          "sensitive_attributes": [
            [
              {
                "type": "get_attr",
                "value": "credentials"
              }
            ],
            [
              {
                "type": "get_attr",
                "value": "token"
              }
            ]
          ],
          "identity_schema_version": 0,
          "private": "bnVsbA=="
        }
      ]
    },
    {
      "mode": "managed",
      "type": "kubernetes_deployment_v1",
      "name": "db",
      "provider": "provider[\"registry.terraform.io/hashicorp/kubernetes\"]",
      "instances": [
        {
          "schema_version": 1,
          "attributes": {
            "id": "voteapp/db",
            "metadata": [
              {
                "annotations": null,
                "generate_name": "",
                "generation": 1,
                "labels": {
                  "app": "db"
                },
                "name": "db",
                "namespace": "voteapp",
                "resource_version": "734",
                "uid": "bc54c42e-13c5-481d-b173-f10602ee052b"
              }
            ],
            "spec": [
              {
                "min_ready_seconds": 0,
                "paused": false,
                "progress_deadline_seconds": 600,
                "replicas": "1",
                "revision_history_limit": 10,
                "selector": [
                  {
                    "match_expressions": [],
                    "match_labels": {
                      "app": "db"
                    }
                  }
                ],
                "strategy": [
                  {
                    "rolling_update": [
                      {
                        "max_surge": "25%",
                        "max_unavailable": "25%"
                      }
                    ],
                    "type": "RollingUpdate"
                  }
                ],
                "template": [
                  {
                    "metadata": [
                      {
                        "annotations": null,
                        "generate_name": "",
                        "generation": 0,
                        "labels": {
                          "app": "db"
                        },
                        "name": "",
                        "namespace": "",
                        "resource_version": "",
                        "uid": ""
                      }
                    ],
                    "spec": [
                      {
                        "active_deadline_seconds": 0,
                        "affinity": [],
                        "automount_service_account_token": true,
                        "container": [
                          {
                            "args": null,
                            "command": null,
                            "env": [],
                            "env_from": [
                              {
                                "config_map_ref": [],
                                "prefix": "",
                                "secret_ref": [
                                  {
                                    "name": "postgres-secret",
                                    "optional": false
                                  }
                                ]
                              }
                            ],
                            "image": "postgres:9.4",
                            "image_pull_policy": "IfNotPresent",
                            "lifecycle": [],
                            "liveness_probe": [],
                            "name": "postgres",
                            "port": [
                              {
                                "container_port": 5432,
                                "host_ip": "",
                                "host_port": 0,
                                "name": "",
                                "protocol": "TCP"
                              }
                            ],
                            "readiness_probe": [],
                            "resources": [
                              {
                                "limits": {},
                                "requests": {}
                              }
                            ],
                            "security_context": [],
                            "startup_probe": [],
                            "stdin": false,
                            "stdin_once": false,
                            "termination_message_path": "/dev/termination-log",
                            "termination_message_policy": "File",
                            "tty": false,
                            "volume_device": [],
                            "volume_mount": [
                              {
                                "mount_path": "/var/lib/postgresql/data",
                                "mount_propagation": "None",
                                "name": "postgres-storage",
                                "read_only": false,
                                "sub_path": "",
                                "sub_path_expr": ""
                              }
                            ],
                            "working_dir": ""
                          }
                        ],
                        "dns_config": [],
                        "dns_policy": "ClusterFirst",
                        "enable_service_links": true,
                        "host_aliases": [],
                        "host_ipc": false,
                        "host_network": false,
                        "host_pid": false,
                        "hostname": "",
                        "image_pull_secrets": [],
                        "init_container": [],
                        "node_name": "",
                        "node_selector": null,
                        "os": [],
                        "priority_class_name": "",
                        "readiness_gate": [],
                        "restart_policy": "Always",
                        "runtime_class_name": "",
                        "scheduler_name": "default-scheduler",
                        "security_context": [],
                        "service_account_name": "",
                        "share_process_namespace": false,
                        "subdomain": "",
                        "termination_grace_period_seconds": 30,
                        "toleration": [],
                        "topology_spread_constraint": [],
                        "volume": [
                          {
                            "aws_elastic_block_store": [],
                            "azure_disk": [],
                            "azure_file": [],
                            "ceph_fs": [],
                            "cinder": [],
                            "config_map": [],
                            "csi": [],
                            "downward_api": [],
                            "empty_dir": [
                              {
                                "medium": "",
                                "size_limit": ""
                              }
                            ],
                            "ephemeral": [],
                            "fc": [],
                            "flex_volume": [],
                            "flocker": [],
                            "gce_persistent_disk": [],
                            "git_repo": [],
                            "glusterfs": [],
                            "host_path": [],
                            "iscsi": [],
                            "local": [],
                            "name": "postgres-storage",
                            "nfs": [],
                            "persistent_volume_claim": [],
                            "photon_persistent_disk": [],
                            "projected": [],
                            "quobyte": [],
                            "rbd": [],
                            "secret": [],
                            "vsphere_volume": []
                          }
                        ]
                      }
                    ]
                  }
                ]
              }
            ],
            "timeouts": null,
            "wait_for_rollout": true
          },
          "sensitive_attributes": [],
          "identity_schema_version": 1,
          "identity": {
            "api_version": "apps/v1",
            "kind": "Deployment",
            "name": "db",
            "namespace": "voteapp"
          },
          "private": "eyJlMmJmYjczMC1lY2FhLTExZTYtOGY4OC0zNDM2M2JjN2M0YzAiOnsiY3JlYXRlIjo2MDAwMDAwMDAwMDAsImRlbGV0ZSI6NjAwMDAwMDAwMDAwLCJ1cGRhdGUiOjYwMDAwMDAwMDAwMH0sInNjaGVtYV92ZXJzaW9uIjoiMSJ9",
          "dependencies": [
            "k3d_cluster.voteapp",
            "kubernetes_namespace.voteapp",
            "kubernetes_persistent_volume_claim_v1.postgres",
            "kubernetes_secret_v1.postgres"
          ]
        }
      ]
    },
    {
      "mode": "managed",
      "type": "kubernetes_deployment_v1",
      "name": "redis",
      "provider": "provider[\"registry.terraform.io/hashicorp/kubernetes\"]",
      "instances": [
        {
          "schema_version": 1,
          "attributes": {
            "id": "voteapp/redis",
            "metadata": [
              {
                "annotations": null,
                "generate_name": "",
                "generation": 1,
                "labels": {
                  "app": "redis"
                },
                "name": "redis",
                "namespace": "voteapp",
                "resource_version": "610",
                "uid": "6e5805bb-e7d9-440b-a07e-a55a31eed32e"
              }
            ],
            "spec": [
              {
                "min_ready_seconds": 0,
                "paused": false,
                "progress_deadline_seconds": 600,
                "replicas": "1",
                "revision_history_limit": 10,
                "selector": [
                  {
                    "match_expressions": [],
                    "match_labels": {
                      "app": "redis"
                    }
                  }
                ],
                "strategy": [
                  {
                    "rolling_update": [
                      {
                        "max_surge": "25%",
                        "max_unavailable": "25%"
                      }
                    ],
                    "type": "RollingUpdate"
                  }
                ],
                "template": [
                  {
                    "metadata": [
                      {
                        "annotations": null,
                        "generate_name": "",
                        "generation": 0,
                        "labels": {
                          "app": "redis"
                        },
                        "name": "",
                        "namespace": "",
                        "resource_version": "",
                        "uid": ""
                      }
                    ],
                    "spec": [
                      {
                        "active_deadline_seconds": 0,
                        "affinity": [],
                        "automount_service_account_token": true,
                        "container": [
                          {
                            "args": null,
                            "command": null,
                            "env": [],
                            "env_from": [],
                            "image": "redis:alpine",
                            "image_pull_policy": "IfNotPresent",
                            "lifecycle": [],
                            "liveness_probe": [],
                            "name": "redis",
                            "port": [
                              {
                                "container_port": 6379,
                                "host_ip": "",
                                "host_port": 0,
                                "name": "",
                                "protocol": "TCP"
                              }
                            ],
                            "readiness_probe": [],
                            "resources": [
                              {
                                "limits": {},
                                "requests": {}
                              }
                            ],
                            "security_context": [],
                            "startup_probe": [],
                            "stdin": false,
                            "stdin_once": false,
                            "termination_message_path": "/dev/termination-log",
                            "termination_message_policy": "File",
                            "tty": false,
                            "volume_device": [],
                            "volume_mount": [],
                            "working_dir": ""
                          }
                        ],
                        "dns_config": [],
                        "dns_policy": "ClusterFirst",
                        "enable_service_links": true,
                        "host_aliases": [],
                        "host_ipc": false,
                        "host_network": false,
                        "host_pid": false,
                        "hostname": "",
                        "image_pull_secrets": [],
                        "init_container": [],
                        "node_name": "",
                        "node_selector": null,
                        "os": [],
                        "priority_class_name": "",
                        "readiness_gate": [],
                        "restart_policy": "Always",
                        "runtime_class_name": "",
                        "scheduler_name": "default-scheduler",
                        "security_context": [],
                        "service_account_name": "",
                        "share_process_namespace": false,
                        "subdomain": "",
                        "termination_grace_period_seconds": 30,
                        "toleration": [],
                        "topology_spread_constraint": [],
                        "volume": []
                      }
                    ]
                  }
                ]
              }
            ],
            "timeouts": null,
            "wait_for_rollout": true
          },
          "sensitive_attributes": [],
          "identity_schema_version": 1,
          "identity": {
            "api_version": "apps/v1",
            "kind": "Deployment",
            "name": "redis",
            "namespace": "voteapp"
          },
          "private": "eyJlMmJmYjczMC1lY2FhLTExZTYtOGY4OC0zNDM2M2JjN2M0YzAiOnsiY3JlYXRlIjo2MDAwMDAwMDAwMDAsImRlbGV0ZSI6NjAwMDAwMDAwMDAwLCJ1cGRhdGUiOjYwMDAwMDAwMDAwMH0sInNjaGVtYV92ZXJzaW9uIjoiMSJ9",
          "dependencies": [
            "k3d_cluster.voteapp",
            "kubernetes_namespace.voteapp"
          ]
        }
      ]
    },
    {
      "mode": "managed",
      "type": "kubernetes_job_v1",
      "name": "db_bootstrap",
      "provider": "provider[\"registry.terraform.io/hashicorp/kubernetes\"]",
      "instances": []
    },
    {
      "mode": "managed",
      "type": "kubernetes_namespace",
      "name": "monitoring",
      "provider": "provider[\"registry.terraform.io/hashicorp/kubernetes\"]",
      "instances": [
        {
          "index_key": 0,
          "schema_version": 0,
          "attributes": {
            "id": "monitoring",
            "metadata": [
              {
                "annotations": null,
                "generate_name": "",
                "generation": 0,
                "labels": null,
                "name": "monitoring",
                "resource_version": "428",
                "uid": "8d23ec15-996c-4acf-99e4-02073dbe53a7"
              }
            ],
            "timeouts": null,
            "wait_for_default_service_account": false
          },
          "sensitive_attributes": [],
          "identity_schema_version": 1,
          "identity": {
            "api_version": "v1",
            "kind": "Namespace",
            "name": "monitoring"
          },
          "private": "eyJlMmJmYjczMC1lY2FhLTExZTYtOGY4OC0zNDM2M2JjN2M0YzAiOnsiZGVsZXRlIjozMDAwMDAwMDAwMDB9fQ==",
          "dependencies": [
            "k3d_cluster.voteapp"
          ]
        }
      ]
    },
    {
      "mode": "managed",
      "type": "kubernetes_namespace",
      "name": "voteapp",
      "provider": "provider[\"registry.terraform.io/hashicorp/kubernetes\"]",
      "instances": [
        {
          "index_key": 0,
          "schema_version": 0,
          "attributes": {
            "id": "voteapp",
            "metadata": [
              {
                "annotations": null,
                "generate_name": "",
                "generation": 0,
                "labels": {
                  "app": "vote-application"
                },
                "name": "voteapp",
                "resource_version": "427",
                "uid": "f14cb487-aec7-4f2c-9680-b610a1a0036c"
              }
            ],
            "timeouts": null,
            "wait_for_default_service_account": false
          },
          "sensitive_attributes": [],
          "identity_schema_version": 1,
          "identity": {
            "api_version": "v1",
            "kind": "Namespace",
            "name": "voteapp"
          },
          "private": "eyJlMmJmYjczMC1lY2FhLTExZTYtOGY4OC0zNDM2M2JjN2M0YzAiOnsiZGVsZXRlIjozMDAwMDAwMDAwMDB9fQ==",
          "dependencies": [
            "k3d_cluster.voteapp"
          ]
        }
      ]
    },
    {
      "mode": "managed",
      "type": "kubernetes_persistent_volume_claim_v1",
      "name": "postgres",
      "provider": "provider[\"registry.terraform.io/hashicorp/kubernetes\"]",
      "instances": []
    },
    {
      "mode": "managed",
      "type": "kubernetes_secret_v1",
      "name": "postgres",
      "provider": "provider[\"registry.terraform.io/hashicorp/kubernetes\"]",
      "instances": [
        {
          "schema_version": 0,
          "attributes": {
            "binary_data": null,
            "binary_data_wo": null,
            "binary_data_wo_revision": null,
            "data": {
              "POSTGRES_DB": "db",
              "POSTGRES_HOST_AUTH_METHOD": "trust"
            },
            "data_wo": null,
            "data_wo_revision": null,
            "id": "voteapp/postgres-secret",
            "immutable": false,
            "metadata": [
              {
                "annotations": null,
                "generate_name": "",
                "generation": 0,
                "labels": null,
                "name": "postgres-secret",
                "namespace": "voteapp",
                "resource_version": "433",
                "uid": "e45f6e46-76aa-4f67-af7c-6b119b285504"
              }
            ],
            "timeouts": null,
            "type": "Opaque",
            "wait_for_service_account_token": true
          },
          "sensitive_attributes": [
            [
              {
                "type": "get_attr",
                "value": "binary_data"
              }
            ],
            [
              {
                "type": "get_attr",
                "value": "data"
              }
            ]
          ],
          "identity_schema_version": 1,
          "identity": {
            "api_version": "v1",
            "kind": "Secret",
            "name": "postgres-secret",
            "namespace": "voteapp"
          },
          "private": "eyJlMmJmYjczMC1lY2FhLTExZTYtOGY4OC0zNDM2M2JjN2M0YzAiOnsiY3JlYXRlIjo2MDAwMDAwMDAwMH19",
          "dependencies": [
            "k3d_cluster.voteapp",
            "kubernetes_namespace.voteapp"
          ]
        }
      ]
    },
    {
      "mode": "managed",
      "type": "kubernetes_service_v1",
      "name": "db",
      "provider": "provider[\"registry.terraform.io/hashicorp/kubernetes\"]",
      "instances": [
        {
          "schema_version": 1,
          "attributes": {
            "id": "voteapp/db",
            "metadata": [
              {
                "annotations": null,
                "generate_name": "",
                "generation": 0,
                "labels": null,
                "name": "db",
                "namespace": "voteapp",
                "resource_version": "432",
                "uid": "d97e6e14-7c60-4694-a072-1c4584497217"
              }
            ],
            "spec": [
              {
                "allocate_load_balancer_node_ports": true,
                "cluster_ip": "10.43.103.18",
                "cluster_ips": [
                  "10.43.103.18"
                ],
                "external_ips": null,
                "external_name": "",
                "external_traffic_policy": "",
                "health_check_node_port": 0,
                "internal_traffic_policy": "Cluster",
                "ip_families": [
                  "IPv4"
                ],
                "ip_family_policy": "SingleStack",
                "load_balancer_class": "",
                "load_balancer_ip": "",
                "load_balancer_source_ranges": null,
                "port": [
                  {
                    "app_protocol": "",
                    "name": "",
                    "node_port": 0,
                    "port": 5432,
                    "protocol": "TCP",
                    "target_port": "5432"
                  }
                ],
                "publish_not_ready_addresses": false,
                "selector": {
                  "app": "db"
                },
                "session_affinity": "None",
                "session_affinity_config": [],
                "type": "ClusterIP"
              }
            ],
            "status": [
              {
                "load_balancer": [
                  {
                    "ingress": []
                  }
                ]
              }
            ],
            "timeouts": null,
            "wait_for_load_balancer": true
          },
          "sensitive_attributes": [],
          "identity_schema_version": 1,
          "identity": {
            "api_version": "v1",
            "kind": "Service",
            "name": "db",
            "namespace": "voteapp"
          },
          "private": "eyJlMmJmYjczMC1lY2FhLTExZTYtOGY4OC0zNDM2M2JjN2M0YzAiOnsiY3JlYXRlIjo2MDAwMDAwMDAwMDB9LCJzY2hlbWFfdmVyc2lvbiI6IjEifQ==",
          "dependencies": [
            "k3d_cluster.voteapp",
            "kubernetes_namespace.voteapp"
          ]
        }
      ]
    },
    {
      "mode": "managed",
      "type": "kubernetes_service_v1",
      "name": "redis",
      "provider": "provider[\"registry.terraform.io/hashicorp/kubernetes\"]",
      "instances": [
        {
          "schema_version": 1,
          "attributes": {
            "id": "voteapp/redis",
            "metadata": [
              {
                "annotations": null,
                "generate_name": "",
                "generation": 0,
                "labels": null,
                "name": "redis",
                "namespace": "voteapp",
                "resource_version": "430",
                "uid": "583bb872-ad44-465e-8cdd-02e3a514a10a"
              }
            ],
            "spec": [
              {
                "allocate_load_balancer_node_ports": true,
                "cluster_ip": "10.43.240.20",
                "cluster_ips": [
                  "10.43.240.20"
                ],
                "external_ips": null,
                "external_name": "",
                "external_traffic_policy": "",
                "health_check_node_port": 0,
                "internal_traffic_policy": "Cluster",
                "ip_families": [
                  "IPv4"
                ],
                "ip_family_policy": "SingleStack",
                "load_balancer_class": "",
                "load_balancer_ip": "",
                "load_balancer_source_ranges": null,
                "port": [
                  {
                    "app_protocol": "",
                    "name": "",
                    "node_port": 0,
                    "port": 6379,
                    "protocol": "TCP",
                    "target_port": "6379"
                  }
                ],
                "publish_not_ready_addresses": false,
                "selector": {
                  "app": "redis"
                },
                "session_affinity": "None",
                "session_affinity_config": [],
                "type": "ClusterIP"
              }
            ],
            "status": [
              {
                "load_balancer": [
                  {
                    "ingress": []
                  }
                ]
              }
            ],
            "timeouts": null,
            "wait_for_load_balancer": true
          },
          "sensitive_attributes": [],
          "identity_schema_version": 1,
          "identity": {
            "api_version": "v1",
            "kind": "Service",
            "name": "redis",
            "namespace": "voteapp"
          },
          "private": "eyJlMmJmYjczMC1lY2FhLTExZTYtOGY4OC0zNDM2M2JjN2M0YzAiOnsiY3JlYXRlIjo2MDAwMDAwMDAwMDB9LCJzY2hlbWFfdmVyc2lvbiI6IjEifQ==",
          "dependencies": [
            "k3d_cluster.voteapp",
            "kubernetes_namespace.voteapp"
          ]
        }
      ]
    }
  ],
  "check_results": null
}
